Microsoft Visual Studio Solution File, Format Version 12.00
# Visual Studio Version 17
VisualStudioVersion = 17.0.31903.59
MinimumVisualStudioVersion = 10.0.40219.1
Project("{9A19103F-16F7-4668-BE54-9A1E7A4F7556}") = "TaskBoard.API", "src\TaskBoard.API\TaskBoard.API.csproj", "{A1B2C3D4-E5F6-7890-ABCD-EF1234567890}"
EndProject
Project("{9A19103F-16F7-4668-BE54-9A1E7A4F7556}") = "TaskBoard.Application", "src\TaskBoard.Application\TaskBoard.Application.csproj", "{F2DBCCF5-835E-4B33-B5E6-4B4F8536AD22}"
EndProject
Project("{9A19103F-16F7-4668-BE54-9A1E7A4F7556}") = "TaskBoard.Domain", "src\TaskBoard.Domain\TaskBoard.Domain.csproj", "{65C5F5A2-AB74-4BB6-BF73-D66BE55514D8}"
EndProject
Project("{9A19103F-16F7-4668-BE54-9A1E7A4F7556}") = "TaskBoard.Infrastructure", "src\TaskBoard.Infrastructure\TaskBoard.Infrastructure.csproj", "{2E8102F4-08A9-4100-8A82-74D972CDA954}"
EndProject
Global
	GlobalSection(SolutionConfigurationPlatforms) = preSolution
		Debug|Any CPU = Debug|Any CPU
		Release|Any CPU = Release|Any CPU
	EndGlobalSection
	GlobalSection(ProjectConfigurationPlatforms) = postSolution
		{A1B2C3D4-E5F6-7890-ABCD-EF1234567890}.Debug|Any CPU.ActiveCfg = Debug|Any CPU
		{A1B2C3D4-E5F6-7890-ABCD-EF1234567890}.Debug|Any CPU.Build.0 = Debug|Any CPU
		{A1B2C3D4-E5F6-7890-ABCD-EF1234567890}.Release|Any CPU.ActiveCfg = Release|Any CPU
		{A1B2C3D4-E5F6-7890-ABCD-EF1234567890}.Release|Any CPU.Build.0 = Release|Any CPU
		{F2DBCCF5-835E-4B33-B5E6-4B4F8536AD22}.Debug|Any CPU.ActiveCfg = Debug|Any CPU
		{F2DBCCF5-835E-4B33-B5E6-4B4F8536AD22}.Debug|Any CPU.Build.0 = Debug|Any CPU
		{F2DBCCF5-835E-4B33-B5E6-4B4F8536AD22}.Release|Any CPU.ActiveCfg = Release|Any CPU
		{F2DBCCF5-835E-4B33-B5E6-4B4F8536AD22}.Release|Any CPU.Build.0 = Release|Any CPU
		{65C5F5A2-AB74-4BB6-BF73-D66BE55514D8}.Debug|Any CPU.ActiveCfg = Debug|Any CPU
		{65C5F5A2-AB74-4BB6-BF73-D66BE55514D8}.Debug|Any CPU.Build.0 = Debug|Any CPU
		{65C5F5A2-AB74-4BB6-BF73-D66BE55514D8}.Release|Any CPU.ActiveCfg = Release|Any CPU
		{65C5F5A2-AB74-4BB6-BF73-D66BE55514D8}.Release|Any CPU.Build.0 = Release|Any CPU
		{2E8102F4-08A9-4100-8A82-74D972CDA954}.Debug|Any CPU.ActiveCfg = Debug|Any CPU
		{2E8102F4-08A9-4100-8A82-74D972CDA954}.Debug|Any CPU.Build.0 = Debug|Any CPU
		{2E8102F4-08A9-4100-8A82-74D972CDA954}.Release|Any CPU.ActiveCfg = Release|Any CPU
		{2E8102F4-08A9-4100-8A82-74D972CDA954}.Release|Any CPU.Build.0 = Release|Any CPU
	EndGlobalSection
	GlobalSection(SolutionProperties) = preSolution
		HideSolutionNode = FALSE
	EndGlobalSection
	GlobalSection(ExtensibilityGlobals) = postSolution
		SolutionGuid = {65BAE480-33A0-42D7-9394-62DB0135FEB1}
	EndGlobalSection
EndGlobal
